{
  "name": "traewelloxid",
  "version": "1.0.0",
  "lockfileVersion": 1,
  "requires": true,
  "dependencies": {
    "@fortawesome/fontawesome-free": {
      "version": "5.15.0",
      "resolved": "https://registry.npmjs.org/@fortawesome/fontawesome-free/-/fontawesome-free-5.15.0.tgz",
      "integrity": "sha512-wXetjQBNMTP59MAYNR1tdahMDOLx3FYj3PKdso7PLFLDpTvmAIqhSSEqnSTmWKahRjD+Sh5I5635+5qaoib5lw=="
    },
    "awesomplete": {
      "version": "1.1.5",
      "resolved": "https://registry.npmjs.org/awesomplete/-/awesomplete-1.1.5.tgz",
      "integrity": "sha512-UFw1mPW8NaSECDSTC36HbAOTpF9JK2wBUJcNn4MSvlNtK7SZ9N72gB+ajHtA6D1abYXRcszZnBA4nHBwvFwzHw=="
    },
    "bootstrap-cookie-alert": {
      "version": "1.2.1",
      "resolved": "https://registry.npmjs.org/bootstrap-cookie-alert/-/bootstrap-cookie-alert-1.2.1.tgz",
      "integrity": "sha512-T4nzcJkrCJCfxbw9eRM93EwO3/seSL/wbjsDLLOdLIhhksb07zhj4NOgNJUwtLc7dkI28ef1KZU9yYzHZMUXvQ=="
    },
    "leaflet": {
      "version": "1.7.1",
      "resolved": "https://registry.npmjs.org/leaflet/-/leaflet-1.7.1.tgz",
      "integrity": "sha512-/xwPEBidtg69Q3HlqPdU3DnrXQOvQU/CCHA1tcDQVzOwm91YMYaILjNp7L4Eaw5Z4sOYdbBz6koWyibppd8Zqw=="
    },
    "mdbootstrap": {
      "version": "4.19.1",
      "resolved": "https://registry.npmjs.org/mdbootstrap/-/mdbootstrap-4.19.1.tgz",
      "integrity": "sha512-vzYd7UQ0H1tyJfDqCYwsAv+sxol/xRkJP/5FMhcdW3ZbN9xUnmWiSPHx3A6ddGxdOQbfJTWxT3G8M+I++Qdk6w=="
    }
  }
}
